{"1.2.0",
[{<<"erlfdb">>,
  {git,"https://github.com/leonardb/couchdb-erlfdb.git",
       {ref,"27d0eb0d384e15800808e39b78b804ecb9e78a4b"}},
  0},
 {<<"gproc">>,
  {git,"https://github.com/uwiger/gproc.git",
       {ref,"3737f2b958a5908d7a3870046ae162c5b9bf971c"}},
  0},
 {<<"sext">>,{pkg,<<"sext">>,<<"1.8.0">>},0}]}.
[
{pkg_hash,[
 {<<"sext">>, <<"90A95B889F5C781B70BBCF44278B763148E313C376B60D87CE664CB1C1DD29B5">>}]},
{pkg_hash_ext,[
 {<<"sext">>, <<"BC6016CB8690BAF677EACACFE6E7CADFEC8DC7E286CBBED762F6CD55B0678E73">>}]}
].
